
Microsoft Visual Studio Solution File, Format Version 12.00
# Visual Studio Version 17
VisualStudioVersion = 17.8.34309.116
MinimumVisualStudioVersion = 10.0.40219.1
Project("{9A19103F-16F7-4668-BE54-9A1E7A4F7556}") = "Sklep", "Sklep\Sklep.csproj", "{7F690406-C498-4269-AA61-3253736E1C37}"
EndProject
Project("{9A19103F-16F7-4668-BE54-9A1E7A4F7556}") = "Wiadomosci", "Wiadomosci\Wiadomosci.csproj", "{7E4B3985-951C-4D8A-9CC9-A2F3E4611A3B}"
EndProject
Project("{FAE04EC0-301F-11D3-BF4B-00C04F79EFBC}") = "KlientA", "KlientA\KlientA.csproj", "{CDB541BD-CBF7-4AC1-9CF2-D771380BBB4F}"
EndProject
Project("{FAE04EC0-301F-11D3-BF4B-00C04F79EFBC}") = "Magazyn", "Magazyn\Magazyn.csproj", "{52FF723C-1C26-4ADA-A468-7FE79F91D566}"
EndProject
Project("{FAE04EC0-301F-11D3-BF4B-00C04F79EFBC}") = "KlientB", "KlientB\KlientB.csproj", "{953824B9-72C6-42FD-8F58-00C8EC333F52}"
EndProject
Global
	GlobalSection(SolutionConfigurationPlatforms) = preSolution
		Debug|Any CPU = Debug|Any CPU
		Release|Any CPU = Release|Any CPU
	EndGlobalSection
	GlobalSection(ProjectConfigurationPlatforms) = postSolution
		{7F690406-C498-4269-AA61-3253736E1C37}.Debug|Any CPU.ActiveCfg = Debug|Any CPU
		{7F690406-C498-4269-AA61-3253736E1C37}.Debug|Any CPU.Build.0 = Debug|Any CPU
		{7F690406-C498-4269-AA61-3253736E1C37}.Release|Any CPU.ActiveCfg = Release|Any CPU
		{7F690406-C498-4269-AA61-3253736E1C37}.Release|Any CPU.Build.0 = Release|Any CPU
		{7E4B3985-951C-4D8A-9CC9-A2F3E4611A3B}.Debug|Any CPU.ActiveCfg = Debug|Any CPU
		{7E4B3985-951C-4D8A-9CC9-A2F3E4611A3B}.Debug|Any CPU.Build.0 = Debug|Any CPU
		{7E4B3985-951C-4D8A-9CC9-A2F3E4611A3B}.Release|Any CPU.ActiveCfg = Release|Any CPU
		{7E4B3985-951C-4D8A-9CC9-A2F3E4611A3B}.Release|Any CPU.Build.0 = Release|Any CPU
		{CDB541BD-CBF7-4AC1-9CF2-D771380BBB4F}.Debug|Any CPU.ActiveCfg = Debug|Any CPU
		{CDB541BD-CBF7-4AC1-9CF2-D771380BBB4F}.Debug|Any CPU.Build.0 = Debug|Any CPU
		{CDB541BD-CBF7-4AC1-9CF2-D771380BBB4F}.Release|Any CPU.ActiveCfg = Release|Any CPU
		{CDB541BD-CBF7-4AC1-9CF2-D771380BBB4F}.Release|Any CPU.Build.0 = Release|Any CPU
		{52FF723C-1C26-4ADA-A468-7FE79F91D566}.Debug|Any CPU.ActiveCfg = Debug|Any CPU
		{52FF723C-1C26-4ADA-A468-7FE79F91D566}.Debug|Any CPU.Build.0 = Debug|Any CPU
		{52FF723C-1C26-4ADA-A468-7FE79F91D566}.Release|Any CPU.ActiveCfg = Release|Any CPU
		{52FF723C-1C26-4ADA-A468-7FE79F91D566}.Release|Any CPU.Build.0 = Release|Any CPU
		{953824B9-72C6-42FD-8F58-00C8EC333F52}.Debug|Any CPU.ActiveCfg = Debug|Any CPU
		{953824B9-72C6-42FD-8F58-00C8EC333F52}.Debug|Any CPU.Build.0 = Debug|Any CPU
		{953824B9-72C6-42FD-8F58-00C8EC333F52}.Release|Any CPU.ActiveCfg = Release|Any CPU
		{953824B9-72C6-42FD-8F58-00C8EC333F52}.Release|Any CPU.Build.0 = Release|Any CPU
	EndGlobalSection
	GlobalSection(SolutionProperties) = preSolution
		HideSolutionNode = FALSE
	EndGlobalSection
	GlobalSection(ExtensibilityGlobals) = postSolution
		SolutionGuid = {685542D0-52C0-4D8F-AF0B-523BC53949A9}
	EndGlobalSection
EndGlobal
